
Microsoft Visual Studio Solution File, Format Version 12.00
# Visual Studio Version 17
VisualStudioVersion = 17.8.34330.188
MinimumVisualStudioVersion = 10.0.40219.1
Project("{FAE04EC0-301F-11D3-BF4B-00C04F79EFBC}") = "Bloggie.Web", "Bloggie.Web\Bloggie.Web.csproj", "{B1985F14-07C1-4136-BB45-EADABB1535B0}"
EndProject
Global
	GlobalSection(SolutionConfigurationPlatforms) = preSolution
		Debug|Any CPU = Debug|Any CPU
		Release|Any CPU = Release|Any CPU
	EndGlobalSection
	GlobalSection(ProjectConfigurationPlatforms) = postSolution
		{B1985F14-07C1-4136-BB45-EADABB1535B0}.Debug|Any CPU.ActiveCfg = Debug|Any CPU
		{B1985F14-07C1-4136-BB45-EADABB1535B0}.Debug|Any CPU.Build.0 = Debug|Any CPU
		{B1985F14-07C1-4136-BB45-EADABB1535B0}.Release|Any CPU.ActiveCfg = Release|Any CPU
		{B1985F14-07C1-4136-BB45-EADABB1535B0}.Release|Any CPU.Build.0 = Release|Any CPU
	EndGlobalSection
	GlobalSection(SolutionProperties) = preSolution
		HideSolutionNode = FALSE
	EndGlobalSection
	GlobalSection(ExtensibilityGlobals) = postSolution
		SolutionGuid = {73A1613B-00F3-4A1A-A0A2-C42C1F1B1925}
	EndGlobalSection
EndGlobal
